// !$*UTF8*$!
{
	archiveVersion = 1;
	classes = {
	};
	objectVersion = 45;
	objects = {

/* Begin PBXBuildFile section */
		1D3623260D0F684500981E51 /* TwitterTestAppDelegate.m in Sources */ = {isa = PBXBuildFile; fileRef = 1D3623250D0F684500981E51 /* TwitterTestAppDelegate.m */; };
		1D60589B0D05DD56006BFB54 /* main.m in Sources */ = {isa = PBXBuildFile; fileRef = 29B97316FDCFA39411CA2CEA /* main.m */; };
		1D60589F0D05DD5A006BFB54 /* Foundation.framework in Frameworks */ = {isa = PBXBuildFile; fileRef = 1D30AB110D05D00D00671497 /* Foundation.framework */; };
		1DF5F4E00D08C38300B7A737 /* UIKit.framework in Frameworks */ = {isa = PBXBuildFile; fileRef = 1DF5F4DF0D08C38300B7A737 /* UIKit.framework */; };
		288765A50DF7441C002DB57D /* CoreGraphics.framework in Frameworks */ = {isa = PBXBuildFile; fileRef = 288765A40DF7441C002DB57D /* CoreGraphics.framework */; };
		2899E5220DE3E06400AC0155 /* TwitterTestViewController.xib in Resources */ = {isa = PBXBuildFile; fileRef = 2899E5210DE3E06400AC0155 /* TwitterTestViewController.xib */; };
		28AD733F0D9D9553002E5188 /* MainWindow.xib in Resources */ = {isa = PBXBuildFile; fileRef = 28AD733E0D9D9553002E5188 /* MainWindow.xib */; };
		28D7ACF80DDB3853001CB0EB /* TwitterTestViewController.m in Sources */ = {isa = PBXBuildFile; fileRef = 28D7ACF70DDB3853001CB0EB /* TwitterTestViewController.m */; };
		88C5062D12BCB8F4004BB9F8 /* MGTwitterEngine.m in Sources */ = {isa = PBXBuildFile; fileRef = 88C5060812BCB8F4004BB9F8 /* MGTwitterEngine.m */; };
		88C5062E12BCB8F4004BB9F8 /* MGTwitterHTTPURLConnection.m in Sources */ = {isa = PBXBuildFile; fileRef = 88C5060C12BCB8F4004BB9F8 /* MGTwitterHTTPURLConnection.m */; };
		88C5062F12BCB8F4004BB9F8 /* MGTwitterLibXMLParser.m in Sources */ = {isa = PBXBuildFile; fileRef = 88C5060E12BCB8F4004BB9F8 /* MGTwitterLibXMLParser.m */; };
		88C5063012BCB8F4004BB9F8 /* MGTwitterMessagesLibXMLParser.m in Sources */ = {isa = PBXBuildFile; fileRef = 88C5061012BCB8F4004BB9F8 /* MGTwitterMessagesLibXMLParser.m */; };
		88C5063112BCB8F4004BB9F8 /* MGTwitterMessagesParser.m in Sources */ = {isa = PBXBuildFile; fileRef = 88C5061212BCB8F4004BB9F8 /* MGTwitterMessagesParser.m */; };
		88C5063212BCB8F4004BB9F8 /* MGTwitterMiscLibXMLParser.m in Sources */ = {isa = PBXBuildFile; fileRef = 88C5061412BCB8F4004BB9F8 /* MGTwitterMiscLibXMLParser.m */; };
		88C5063312BCB8F4004BB9F8 /* MGTwitterMiscParser.m in Sources */ = {isa = PBXBuildFile; fileRef = 88C5061612BCB8F4004BB9F8 /* MGTwitterMiscParser.m */; };
		88C5063412BCB8F4004BB9F8 /* MGTwitterStatusesLibXMLParser.m in Sources */ = {isa = PBXBuildFile; fileRef = 88C5061A12BCB8F4004BB9F8 /* MGTwitterStatusesLibXMLParser.m */; };
		88C5063512BCB8F4004BB9F8 /* MGTwitterStatusesParser.m in Sources */ = {isa = PBXBuildFile; fileRef = 88C5061C12BCB8F4004BB9F8 /* MGTwitterStatusesParser.m */; };
		88C5063612BCB8F4004BB9F8 /* MGTwitterUsersLibXMLParser.m in Sources */ = {isa = PBXBuildFile; fileRef = 88C5061E12BCB8F4004BB9F8 /* MGTwitterUsersLibXMLParser.m */; };
		88C5063712BCB8F4004BB9F8 /* MGTwitterUsersParser.m in Sources */ = {isa = PBXBuildFile; fileRef = 88C5062012BCB8F4004BB9F8 /* MGTwitterUsersParser.m */; };
		88C5063812BCB8F4004BB9F8 /* MGTwitterXMLParser.m in Sources */ = {isa = PBXBuildFile; fileRef = 88C5062212BCB8F4004BB9F8 /* MGTwitterXMLParser.m */; };
		88C5063912BCB8F4004BB9F8 /* NSData+Base64.m in Sources */ = {isa = PBXBuildFile; fileRef = 88C5062412BCB8F4004BB9F8 /* NSData+Base64.m */; };
		88C5063A12BCB8F4004BB9F8 /* NSString+UUID.m in Sources */ = {isa = PBXBuildFile; fileRef = 88C5062612BCB8F4004BB9F8 /* NSString+UUID.m */; };
		88C5063B12BCB8F4004BB9F8 /* libOAuth.a in Frameworks */ = {isa = PBXBuildFile; fileRef = 88C5062812BCB8F4004BB9F8 /* libOAuth.a */; };
		88C5063C12BCB8F4004BB9F8 /* SA_OAuthTwitterController.m in Sources */ = {isa = PBXBuildFile; fileRef = 88C5062A12BCB8F4004BB9F8 /* SA_OAuthTwitterController.m */; };
		88C5063D12BCB8F4004BB9F8 /* SA_OAuthTwitterEngine.m in Sources */ = {isa = PBXBuildFile; fileRef = 88C5062C12BCB8F4004BB9F8 /* SA_OAuthTwitterEngine.m */; };
		88D4A48212BCBAA100A8FE69 /* libxml2.dylib in Frameworks */ = {isa = PBXBuildFile; fileRef = 88D4A48112BCBAA100A8FE69 /* libxml2.dylib */; };
		88D4A4A312BCC5EC00A8FE69 /* Tweet.m in Sources */ = {isa = PBXBuildFile; fileRef = 88D4A4A212BCC5EC00A8FE69 /* Tweet.m */; };
/* End PBXBuildFile section */

/* Begin PBXFileReference section */
		1D30AB110D05D00D00671497 /* Foundation.framework */ = {isa = PBXFileReference; lastKnownFileType = wrapper.framework; name = Foundation.framework; path = System/Library/Frameworks/Foundation.framework; sourceTree = SDKROOT; };
		1D3623240D0F684500981E51 /* TwitterTestAppDelegate.h */ = {isa = PBXFileReference; fileEncoding = 4; lastKnownFileType = sourcecode.c.h; path = TwitterTestAppDelegate.h; sourceTree = "<group>"; };
		1D3623250D0F684500981E51 /* TwitterTestAppDelegate.m */ = {isa = PBXFileReference; fileEncoding = 4; lastKnownFileType = sourcecode.c.objc; path = TwitterTestAppDelegate.m; sourceTree = "<group>"; };
		1D6058910D05DD3D006BFB54 /* TwitterTest.app */ = {isa = PBXFileReference; explicitFileType = wrapper.application; includeInIndex = 0; path = TwitterTest.app; sourceTree = BUILT_PRODUCTS_DIR; };
		1DF5F4DF0D08C38300B7A737 /* UIKit.framework */ = {isa = PBXFileReference; lastKnownFileType = wrapper.framework; name = UIKit.framework; path = System/Library/Frameworks/UIKit.framework; sourceTree = SDKROOT; };
		288765A40DF7441C002DB57D /* CoreGraphics.framework */ = {isa = PBXFileReference; lastKnownFileType = wrapper.framework; name = CoreGraphics.framework; path = System/Library/Frameworks/CoreGraphics.framework; sourceTree = SDKROOT; };
		2899E5210DE3E06400AC0155 /* TwitterTestViewController.xib */ = {isa = PBXFileReference; lastKnownFileType = file.xib; path = TwitterTestViewController.xib; sourceTree = "<group>"; };
		28AD733E0D9D9553002E5188 /* MainWindow.xib */ = {isa = PBXFileReference; lastKnownFileType = file.xib; path = MainWindow.xib; sourceTree = "<group>"; };
		28D7ACF60DDB3853001CB0EB /* TwitterTestViewController.h */ = {isa = PBXFileReference; fileEncoding = 4; lastKnownFileType = sourcecode.c.h; path = TwitterTestViewController.h; sourceTree = "<group>"; };
		28D7ACF70DDB3853001CB0EB /* TwitterTestViewController.m */ = {isa = PBXFileReference; fileEncoding = 4; lastKnownFileType = sourcecode.c.objc; path = TwitterTestViewController.m; sourceTree = "<group>"; };
		29B97316FDCFA39411CA2CEA /* main.m */ = {isa = PBXFileReference; fileEncoding = 4; lastKnownFileType = sourcecode.c.objc; path = main.m; sourceTree = "<group>"; };
		32CA4F630368D1EE00C91783 /* TwitterTest_Prefix.pch */ = {isa = PBXFileReference; fileEncoding = 4; lastKnownFileType = sourcecode.c.h; path = TwitterTest_Prefix.pch; sourceTree = "<group>"; };
		88C505F712BCB8F4004BB9F8 /* NSMutableURLRequest+Parameters.h */ = {isa = PBXFileReference; fileEncoding = 4; lastKnownFileType = sourcecode.c.h; path = "NSMutableURLRequest+Parameters.h"; sourceTree = "<group>"; };
		88C505F812BCB8F4004BB9F8 /* NSString+URLEncoding.h */ = {isa = PBXFileReference; fileEncoding = 4; lastKnownFileType = sourcecode.c.h; path = "NSString+URLEncoding.h"; sourceTree = "<group>"; };
		88C505F912BCB8F4004BB9F8 /* NSURL+Base.h */ = {isa = PBXFileReference; fileEncoding = 4; lastKnownFileType = sourcecode.c.h; path = "NSURL+Base.h"; sourceTree = "<group>"; };
		88C505FA12BCB8F4004BB9F8 /* OAAsynchronousDataFetcher.h */ = {isa = PBXFileReference; fileEncoding = 4; lastKnownFileType = sourcecode.c.h; path = OAAsynchronousDataFetcher.h; sourceTree = "<group>"; };
		88C505FB12BCB8F4004BB9F8 /* OAConsumer.h */ = {isa = PBXFileReference; fileEncoding = 4; lastKnownFileType = sourcecode.c.h; path = OAConsumer.h; sourceTree = "<group>"; };
		88C505FC12BCB8F4004BB9F8 /* OADataFetcher.h */ = {isa = PBXFileReference; fileEncoding = 4; lastKnownFileType = sourcecode.c.h; path = OADataFetcher.h; sourceTree = "<group>"; };
		88C505FD12BCB8F4004BB9F8 /* OAHMAC_SHA1SignatureProvider.h */ = {isa = PBXFileReference; fileEncoding = 4; lastKnownFileType = sourcecode.c.h; path = OAHMAC_SHA1SignatureProvider.h; sourceTree = "<group>"; };
		88C505FE12BCB8F4004BB9F8 /* OAMutableURLRequest.h */ = {isa = PBXFileReference; fileEncoding = 4; lastKnownFileType = sourcecode.c.h; path = OAMutableURLRequest.h; sourceTree = "<group>"; };
		88C505FF12BCB8F4004BB9F8 /* OAPlaintextSignatureProvider.h */ = {isa = PBXFileReference; fileEncoding = 4; lastKnownFileType = sourcecode.c.h; path = OAPlaintextSignatureProvider.h; sourceTree = "<group>"; };
		88C5060012BCB8F4004BB9F8 /* OARequestParameter.h */ = {isa = PBXFileReference; fileEncoding = 4; lastKnownFileType = sourcecode.c.h; path = OARequestParameter.h; sourceTree = "<group>"; };
		88C5060112BCB8F4004BB9F8 /* OAServiceTicket.h */ = {isa = PBXFileReference; fileEncoding = 4; lastKnownFileType = sourcecode.c.h; path = OAServiceTicket.h; sourceTree = "<group>"; };
		88C5060212BCB8F4004BB9F8 /* OASignatureProviding.h */ = {isa = PBXFileReference; fileEncoding = 4; lastKnownFileType = sourcecode.c.h; path = OASignatureProviding.h; sourceTree = "<group>"; };
		88C5060312BCB8F4004BB9F8 /* OAToken.h */ = {isa = PBXFileReference; fileEncoding = 4; lastKnownFileType = sourcecode.c.h; path = OAToken.h; sourceTree = "<group>"; };
		88C5060412BCB8F4004BB9F8 /* OAToken_KeychainExtensions.h */ = {isa = PBXFileReference; fileEncoding = 4; lastKnownFileType = sourcecode.c.h; path = OAToken_KeychainExtensions.h; sourceTree = "<group>"; };
		88C5060512BCB8F4004BB9F8 /* OAuthConsumer.h */ = {isa = PBXFileReference; fileEncoding = 4; lastKnownFileType = sourcecode.c.h; path = OAuthConsumer.h; sourceTree = "<group>"; };
		88C5060712BCB8F4004BB9F8 /* MGTwitterEngine.h */ = {isa = PBXFileReference; fileEncoding = 4; lastKnownFileType = sourcecode.c.h; path = MGTwitterEngine.h; sourceTree = "<group>"; };
		88C5060812BCB8F4004BB9F8 /* MGTwitterEngine.m */ = {isa = PBXFileReference; fileEncoding = 4; lastKnownFileType = sourcecode.c.objc; path = MGTwitterEngine.m; sourceTree = "<group>"; };
		88C5060912BCB8F4004BB9F8 /* MGTwitterEngineDelegate.h */ = {isa = PBXFileReference; fileEncoding = 4; lastKnownFileType = sourcecode.c.h; path = MGTwitterEngineDelegate.h; sourceTree = "<group>"; };
		88C5060A12BCB8F4004BB9F8 /* MGTwitterEngineGlobalHeader.h */ = {isa = PBXFileReference; fileEncoding = 4; lastKnownFileType = sourcecode.c.h; path = MGTwitterEngineGlobalHeader.h; sourceTree = "<group>"; };
		88C5060B12BCB8F4004BB9F8 /* MGTwitterHTTPURLConnection.h */ = {isa = PBXFileReference; fileEncoding = 4; lastKnownFileType = sourcecode.c.h; path = MGTwitterHTTPURLConnection.h; sourceTree = "<group>"; };
		88C5060C12BCB8F4004BB9F8 /* MGTwitterHTTPURLConnection.m */ = {isa = PBXFileReference; fileEncoding = 4; lastKnownFileType = sourcecode.c.objc; path = MGTwitterHTTPURLConnection.m; sourceTree = "<group>"; };
		88C5060D12BCB8F4004BB9F8 /* MGTwitterLibXMLParser.h */ = {isa = PBXFileReference; fileEncoding = 4; lastKnownFileType = sourcecode.c.h; path = MGTwitterLibXMLParser.h; sourceTree = "<group>"; };
		88C5060E12BCB8F4004BB9F8 /* MGTwitterLibXMLParser.m */ = {isa = PBXFileReference; fileEncoding = 4; lastKnownFileType = sourcecode.c.objc; path = MGTwitterLibXMLParser.m; sourceTree = "<group>"; };
		88C5060F12BCB8F4004BB9F8 /* MGTwitterMessagesLibXMLParser.h */ = {isa = PBXFileReference; fileEncoding = 4; lastKnownFileType = sourcecode.c.h; path = MGTwitterMessagesLibXMLParser.h; sourceTree = "<group>"; };
		88C5061012BCB8F4004BB9F8 /* MGTwitterMessagesLibXMLParser.m */ = {isa = PBXFileReference; fileEncoding = 4; lastKnownFileType = sourcecode.c.objc; path = MGTwitterMessagesLibXMLParser.m; sourceTree = "<group>"; };
		88C5061112BCB8F4004BB9F8 /* MGTwitterMessagesParser.h */ = {isa = PBXFileReference; fileEncoding = 4; lastKnownFileType = sourcecode.c.h; path = MGTwitterMessagesParser.h; sourceTree = "<group>"; };
		88C5061212BCB8F4004BB9F8 /* MGTwitterMessagesParser.m */ = {isa = PBXFileReference; fileEncoding = 4; lastKnownFileType = sourcecode.c.objc; path = MGTwitterMessagesParser.m; sourceTree = "<group>"; };
		88C5061312BCB8F4004BB9F8 /* MGTwitterMiscLibXMLParser.h */ = {isa = PBXFileReference; fileEncoding = 4; lastKnownFileType = sourcecode.c.h; path = MGTwitterMiscLibXMLParser.h; sourceTree = "<group>"; };
		88C5061412BCB8F4004BB9F8 /* MGTwitterMiscLibXMLParser.m */ = {isa = PBXFileReference; fileEncoding = 4; lastKnownFileType = sourcecode.c.objc; path = MGTwitterMiscLibXMLParser.m; sourceTree = "<group>"; };
		88C5061512BCB8F4004BB9F8 /* MGTwitterMiscParser.h */ = {isa = PBXFileReference; fileEncoding = 4; lastKnownFileType = sourcecode.c.h; path = MGTwitterMiscParser.h; sourceTree = "<group>"; };
		88C5061612BCB8F4004BB9F8 /* MGTwitterMiscParser.m */ = {isa = PBXFileReference; fileEncoding = 4; lastKnownFileType = sourcecode.c.objc; path = MGTwitterMiscParser.m; sourceTree = "<group>"; };
		88C5061712BCB8F4004BB9F8 /* MGTwitterParserDelegate.h */ = {isa = PBXFileReference; fileEncoding = 4; lastKnownFileType = sourcecode.c.h; path = MGTwitterParserDelegate.h; sourceTree = "<group>"; };
		88C5061812BCB8F4004BB9F8 /* MGTwitterRequestTypes.h */ = {isa = PBXFileReference; fileEncoding = 4; lastKnownFileType = sourcecode.c.h; path = MGTwitterRequestTypes.h; sourceTree = "<group>"; };
		88C5061912BCB8F4004BB9F8 /* MGTwitterStatusesLibXMLParser.h */ = {isa = PBXFileReference; fileEncoding = 4; lastKnownFileType = sourcecode.c.h; path = MGTwitterStatusesLibXMLParser.h; sourceTree = "<group>"; };
		88C5061A12BCB8F4004BB9F8 /* MGTwitterStatusesLibXMLParser.m */ = {isa = PBXFileReference; fileEncoding = 4; lastKnownFileType = sourcecode.c.objc; path = MGTwitterStatusesLibXMLParser.m; sourceTree = "<group>"; };
		88C5061B12BCB8F4004BB9F8 /* MGTwitterStatusesParser.h */ = {isa = PBXFileReference; fileEncoding = 4; lastKnownFileType = sourcecode.c.h; path = MGTwitterStatusesParser.h; sourceTree = "<group>"; };
		88C5061C12BCB8F4004BB9F8 /* MGTwitterStatusesParser.m */ = {isa = PBXFileReference; fileEncoding = 4; lastKnownFileType = sourcecode.c.objc; path = MGTwitterStatusesParser.m; sourceTree = "<group>"; };
		88C5061D12BCB8F4004BB9F8 /* MGTwitterUsersLibXMLParser.h */ = {isa = PBXFileReference; fileEncoding = 4; lastKnownFileType = sourcecode.c.h; path = MGTwitterUsersLibXMLParser.h; sourceTree = "<group>"; };
		88C5061E12BCB8F4004BB9F8 /* MGTwitterUsersLibXMLParser.m */ = {isa = PBXFileReference; fileEncoding = 4; lastKnownFileType = sourcecode.c.objc; path = MGTwitterUsersLibXMLParser.m; sourceTree = "<group>"; };
		88C5061F12BCB8F4004BB9F8 /* MGTwitterUsersParser.h */ = {isa = PBXFileReference; fileEncoding = 4; lastKnownFileType = sourcecode.c.h; path = MGTwitterUsersParser.h; sourceTree = "<group>"; };
		88C5062012BCB8F4004BB9F8 /* MGTwitterUsersParser.m */ = {isa = PBXFileReference; fileEncoding = 4; lastKnownFileType = sourcecode.c.objc; path = MGTwitterUsersParser.m; sourceTree = "<group>"; };
		88C5062112BCB8F4004BB9F8 /* MGTwitterXMLParser.h */ = {isa = PBXFileReference; fileEncoding = 4; lastKnownFileType = sourcecode.c.h; path = MGTwitterXMLParser.h; sourceTree = "<group>"; };
		88C5062212BCB8F4004BB9F8 /* MGTwitterXMLParser.m */ = {isa = PBXFileReference; fileEncoding = 4; lastKnownFileType = sourcecode.c.objc; path = MGTwitterXMLParser.m; sourceTree = "<group>"; };
		88C5062312BCB8F4004BB9F8 /* NSData+Base64.h */ = {isa = PBXFileReference; fileEncoding = 4; lastKnownFileType = sourcecode.c.h; path = "NSData+Base64.h"; sourceTree = "<group>"; };
		88C5062412BCB8F4004BB9F8 /* NSData+Base64.m */ = {isa = PBXFileReference; fileEncoding = 4; lastKnownFileType = sourcecode.c.objc; path = "NSData+Base64.m"; sourceTree = "<group>"; };
		88C5062512BCB8F4004BB9F8 /* NSString+UUID.h */ = {isa = PBXFileReference; fileEncoding = 4; lastKnownFileType = sourcecode.c.h; path = "NSString+UUID.h"; sourceTree = "<group>"; };
		88C5062612BCB8F4004BB9F8 /* NSString+UUID.m */ = {isa = PBXFileReference; fileEncoding = 4; lastKnownFileType = sourcecode.c.objc; path = "NSString+UUID.m"; sourceTree = "<group>"; };
		88C5062812BCB8F4004BB9F8 /* libOAuth.a */ = {isa = PBXFileReference; lastKnownFileType = archive.ar; path = libOAuth.a; sourceTree = "<group>"; };
		88C5062912BCB8F4004BB9F8 /* SA_OAuthTwitterController.h */ = {isa = PBXFileReference; fileEncoding = 4; lastKnownFileType = sourcecode.c.h; path = SA_OAuthTwitterController.h; sourceTree = "<group>"; };
		88C5062A12BCB8F4004BB9F8 /* SA_OAuthTwitterController.m */ = {isa = PBXFileReference; fileEncoding = 4; lastKnownFileType = sourcecode.c.objc; path = SA_OAuthTwitterController.m; sourceTree = "<group>"; };
		88C5062B12BCB8F4004BB9F8 /* SA_OAuthTwitterEngine.h */ = {isa = PBXFileReference; fileEncoding = 4; lastKnownFileType = sourcecode.c.h; path = SA_OAuthTwitterEngine.h; sourceTree = "<group>"; };
		88C5062C12BCB8F4004BB9F8 /* SA_OAuthTwitterEngine.m */ = {isa = PBXFileReference; fileEncoding = 4; lastKnownFileType = sourcecode.c.objc; path = SA_OAuthTwitterEngine.m; sourceTree = "<group>"; };
		88D4A48112BCBAA100A8FE69 /* libxml2.dylib */ = {isa = PBXFileReference; lastKnownFileType = "compiled.mach-o.dylib"; name = libxml2.dylib; path = usr/lib/libxml2.dylib; sourceTree = SDKROOT; };
		88D4A4A112BCC5EC00A8FE69 /* Tweet.h */ = {isa = PBXFileReference; fileEncoding = 4; lastKnownFileType = sourcecode.c.h; path = Tweet.h; sourceTree = "<group>"; };
		88D4A4A212BCC5EC00A8FE69 /* Tweet.m */ = {isa = PBXFileReference; fileEncoding = 4; lastKnownFileType = sourcecode.c.objc; path = Tweet.m; sourceTree = "<group>"; };
		8D1107310486CEB800E47090 /* TwitterTest-Info.plist */ = {isa = PBXFileReference; fileEncoding = 4; lastKnownFileType = text.plist.xml; path = "TwitterTest-Info.plist"; plistStructureDefinitionIdentifier = "com.apple.xcode.plist.structure-definition.iphone.info-plist"; sourceTree = "<group>"; };
/* End PBXFileReference section */

/* Begin PBXFrameworksBuildPhase section */
		1D60588F0D05DD3D006BFB54 /* Frameworks */ = {
			isa = PBXFrameworksBuildPhase;
			buildActionMask = 2147483647;
			files = (
				1D60589F0D05DD5A006BFB54 /* Foundation.framework in Frameworks */,
				1DF5F4E00D08C38300B7A737 /* UIKit.framework in Frameworks */,
				288765A50DF7441C002DB57D /* CoreGraphics.framework in Frameworks */,
				88C5063B12BCB8F4004BB9F8 /* libOAuth.a in Frameworks */,
				88D4A48212BCBAA100A8FE69 /* libxml2.dylib in Frameworks */,
			);
			runOnlyForDeploymentPostprocessing = 0;
		};
/* End PBXFrameworksBuildPhase section */

/* Begin PBXGroup section */
		080E96DDFE201D6D7F000001 /* Classes */ = {
			isa = PBXGroup;
			children = (
				1D3623240D0F684500981E51 /* TwitterTestAppDelegate.h */,
				1D3623250D0F684500981E51 /* TwitterTestAppDelegate.m */,
				28D7ACF60DDB3853001CB0EB /* TwitterTestViewController.h */,
				28D7ACF70DDB3853001CB0EB /* TwitterTestViewController.m */,
				88D4A4A112BCC5EC00A8FE69 /* Tweet.h */,
				88D4A4A212BCC5EC00A8FE69 /* Tweet.m */,
			);
			path = Classes;
			sourceTree = "<group>";
		};
		19C28FACFE9D520D11CA2CBB /* Products */ = {
			isa = PBXGroup;
			children = (
				1D6058910D05DD3D006BFB54 /* TwitterTest.app */,
			);
			name = Products;
			sourceTree = "<group>";
		};
		29B97314FDCFA39411CA2CEA /* CustomTemplate */ = {
			isa = PBXGroup;
			children = (
				080E96DDFE201D6D7F000001 /* Classes */,
				29B97315FDCFA39411CA2CEA /* Other Sources */,
				29B97317FDCFA39411CA2CEA /* Resources */,
				29B97323FDCFA39411CA2CEA /* Frameworks */,
				19C28FACFE9D520D11CA2CBB /* Products */,
				88D4A48112BCBAA100A8FE69 /* libxml2.dylib */,
			);
			name = CustomTemplate;
			sourceTree = "<group>";
		};
		29B97315FDCFA39411CA2CEA /* Other Sources */ = {
			isa = PBXGroup;
			children = (
				88C505F412BCB8F4004BB9F8 /* Twitter+OAuth */,
				32CA4F630368D1EE00C91783 /* TwitterTest_Prefix.pch */,
				29B97316FDCFA39411CA2CEA /* main.m */,
			);
			name = "Other Sources";
			sourceTree = "<group>";
		};
		29B97317FDCFA39411CA2CEA /* Resources */ = {
			isa = PBXGroup;
			children = (
				2899E5210DE3E06400AC0155 /* TwitterTestViewController.xib */,
				28AD733E0D9D9553002E5188 /* MainWindow.xib */,
				8D1107310486CEB800E47090 /* TwitterTest-Info.plist */,
			);
			name = Resources;
			sourceTree = "<group>";
		};
		29B97323FDCFA39411CA2CEA /* Frameworks */ = {
			isa = PBXGroup;
			children = (
				1DF5F4DF0D08C38300B7A737 /* UIKit.framework */,
				1D30AB110D05D00D00671497 /* Foundation.framework */,
				288765A40DF7441C002DB57D /* CoreGraphics.framework */,
			);
			name = Frameworks;
			sourceTree = "<group>";
		};
		88C505F412BCB8F4004BB9F8 /* Twitter+OAuth */ = {
			isa = PBXGroup;
			children = (
				88C505F512BCB8F4004BB9F8 /* Libraries & Headers */,
				88C5060612BCB8F4004BB9F8 /* MGTwitterEngine */,
				88C5062712BCB8F4004BB9F8 /* SAOAuthTwitterEngine */,
			);
			name = "Twitter+OAuth";
			path = "../../../../../../Downloads/Twitter+OAuth";
			sourceTree = SOURCE_ROOT;
		};
		88C505F512BCB8F4004BB9F8 /* Libraries & Headers */ = {
			isa = PBXGroup;
			children = (
				88C505F612BCB8F4004BB9F8 /* OAuthConsumer */,
			);
			path = "Libraries & Headers";
			sourceTree = "<group>";
		};
		88C505F612BCB8F4004BB9F8 /* OAuthConsumer */ = {
			isa = PBXGroup;
			children = (
				88C505F712BCB8F4004BB9F8 /* NSMutableURLRequest+Parameters.h */,
				88C505F812BCB8F4004BB9F8 /* NSString+URLEncoding.h */,
				88C505F912BCB8F4004BB9F8 /* NSURL+Base.h */,
				88C505FA12BCB8F4004BB9F8 /* OAAsynchronousDataFetcher.h */,
				88C505FB12BCB8F4004BB9F8 /* OAConsumer.h */,
				88C505FC12BCB8F4004BB9F8 /* OADataFetcher.h */,
				88C505FD12BCB8F4004BB9F8 /* OAHMAC_SHA1SignatureProvider.h */,
				88C505FE12BCB8F4004BB9F8 /* OAMutableURLRequest.h */,
				88C505FF12BCB8F4004BB9F8 /* OAPlaintextSignatureProvider.h */,
				88C5060012BCB8F4004BB9F8 /* OARequestParameter.h */,
				88C5060112BCB8F4004BB9F8 /* OAServiceTicket.h */,
				88C5060212BCB8F4004BB9F8 /* OASignatureProviding.h */,
				88C5060312BCB8F4004BB9F8 /* OAToken.h */,
				88C5060412BCB8F4004BB9F8 /* OAToken_KeychainExtensions.h */,
				88C5060512BCB8F4004BB9F8 /* OAuthConsumer.h */,
			);
			path = OAuthConsumer;
			sourceTree = "<group>";
		};
		88C5060612BCB8F4004BB9F8 /* MGTwitterEngine */ = {
			isa = PBXGroup;
			children = (
				88C5060712BCB8F4004BB9F8 /* MGTwitterEngine.h */,
				88C5060812BCB8F4004BB9F8 /* MGTwitterEngine.m */,
				88C5060912BCB8F4004BB9F8 /* MGTwitterEngineDelegate.h */,
				88C5060A12BCB8F4004BB9F8 /* MGTwitterEngineGlobalHeader.h */,
				88C5060B12BCB8F4004BB9F8 /* MGTwitterHTTPURLConnection.h */,
				88C5060C12BCB8F4004BB9F8 /* MGTwitterHTTPURLConnection.m */,
				88C5060D12BCB8F4004BB9F8 /* MGTwitterLibXMLParser.h */,
				88C5060E12BCB8F4004BB9F8 /* MGTwitterLibXMLParser.m */,
				88C5060F12BCB8F4004BB9F8 /* MGTwitterMessagesLibXMLParser.h */,
				88C5061012BCB8F4004BB9F8 /* MGTwitterMessagesLibXMLParser.m */,
				88C5061112BCB8F4004BB9F8 /* MGTwitterMessagesParser.h */,
				88C5061212BCB8F4004BB9F8 /* MGTwitterMessagesParser.m */,
				88C5061312BCB8F4004BB9F8 /* MGTwitterMiscLibXMLParser.h */,
				88C5061412BCB8F4004BB9F8 /* MGTwitterMiscLibXMLParser.m */,
				88C5061512BCB8F4004BB9F8 /* MGTwitterMiscParser.h */,
				88C5061612BCB8F4004BB9F8 /* MGTwitterMiscParser.m */,
				88C5061712BCB8F4004BB9F8 /* MGTwitterParserDelegate.h */,
				88C5061812BCB8F4004BB9F8 /* MGTwitterRequestTypes.h */,
				88C5061912BCB8F4004BB9F8 /* MGTwitterStatusesLibXMLParser.h */,
				88C5061A12BCB8F4004BB9F8 /* MGTwitterStatusesLibXMLParser.m */,
				88C5061B12BCB8F4004BB9F8 /* MGTwitterStatusesParser.h */,
				88C5061C12BCB8F4004BB9F8 /* MGTwitterStatusesParser.m */,
				88C5061D12BCB8F4004BB9F8 /* MGTwitterUsersLibXMLParser.h */,
				88C5061E12BCB8F4004BB9F8 /* MGTwitterUsersLibXMLParser.m */,
				88C5061F12BCB8F4004BB9F8 /* MGTwitterUsersParser.h */,
				88C5062012BCB8F4004BB9F8 /* MGTwitterUsersParser.m */,
				88C5062112BCB8F4004BB9F8 /* MGTwitterXMLParser.h */,
				88C5062212BCB8F4004BB9F8 /* MGTwitterXMLParser.m */,
				88C5062312BCB8F4004BB9F8 /* NSData+Base64.h */,
				88C5062412BCB8F4004BB9F8 /* NSData+Base64.m */,
				88C5062512BCB8F4004BB9F8 /* NSString+UUID.h */,
				88C5062612BCB8F4004BB9F8 /* NSString+UUID.m */,
			);
			path = MGTwitterEngine;
			sourceTree = "<group>";
		};
		88C5062712BCB8F4004BB9F8 /* SAOAuthTwitterEngine */ = {
			isa = PBXGroup;
			children = (
				88C5062812BCB8F4004BB9F8 /* libOAuth.a */,
				88C5062912BCB8F4004BB9F8 /* SA_OAuthTwitterController.h */,
				88C5062A12BCB8F4004BB9F8 /* SA_OAuthTwitterController.m */,
				88C5062B12BCB8F4004BB9F8 /* SA_OAuthTwitterEngine.h */,
				88C5062C12BCB8F4004BB9F8 /* SA_OAuthTwitterEngine.m */,
			);
			path = SAOAuthTwitterEngine;
			sourceTree = "<group>";
		};
/* End PBXGroup section */

/* Begin PBXNativeTarget section */
		1D6058900D05DD3D006BFB54 /* TwitterTest */ = {
			isa = PBXNativeTarget;
			buildConfigurationList = 1D6058960D05DD3E006BFB54 /* Build configuration list for PBXNativeTarget "TwitterTest" */;
			buildPhases = (
				1D60588D0D05DD3D006BFB54 /* Resources */,
				1D60588E0D05DD3D006BFB54 /* Sources */,
				1D60588F0D05DD3D006BFB54 /* Frameworks */,
			);
			buildRules = (
			);
			dependencies = (
			);
			name = TwitterTest;
			productName = TwitterTest;
			productReference = 1D6058910D05DD3D006BFB54 /* TwitterTest.app */;
			productType = "com.apple.product-type.application";
		};
/* End PBXNativeTarget section */

/* Begin PBXProject section */
		29B97313FDCFA39411CA2CEA /* Project object */ = {
			isa = PBXProject;
			buildConfigurationList = C01FCF4E08A954540054247B /* Build configuration list for PBXProject "TwitterTest" */;
			compatibilityVersion = "Xcode 3.1";
			developmentRegion = English;
			hasScannedForEncodings = 1;
			knownRegions = (
				English,
				Japanese,
				French,
				German,
			);
			mainGroup = 29B97314FDCFA39411CA2CEA /* CustomTemplate */;
			projectDirPath = "";
			projectRoot = "";
			targets = (
				1D6058900D05DD3D006BFB54 /* TwitterTest */,
			);
		};
/* End PBXProject section */

/* Begin PBXResourcesBuildPhase section */
		1D60588D0D05DD3D006BFB54 /* Resources */ = {
			isa = PBXResourcesBuildPhase;
			buildActionMask = 2147483647;
			files = (
				28AD733F0D9D9553002E5188 /* MainWindow.xib in Resources */,
				2899E5220DE3E06400AC0155 /* TwitterTestViewController.xib in Resources */,
			);
			runOnlyForDeploymentPostprocessing = 0;
		};
/* End PBXResourcesBuildPhase section */

/* Begin PBXSourcesBuildPhase section */
		1D60588E0D05DD3D006BFB54 /* Sources */ = {
			isa = PBXSourcesBuildPhase;
			buildActionMask = 2147483647;
			files = (
				1D60589B0D05DD56006BFB54 /* main.m in Sources */,
				1D3623260D0F684500981E51 /* TwitterTestAppDelegate.m in Sources */,
				28D7ACF80DDB3853001CB0EB /* TwitterTestViewController.m in Sources */,
				88C5062D12BCB8F4004BB9F8 /* MGTwitterEngine.m in Sources */,
				88C5062E12BCB8F4004BB9F8 /* MGTwitterHTTPURLConnection.m in Sources */,
				88C5062F12BCB8F4004BB9F8 /* MGTwitterLibXMLParser.m in Sources */,
				88C5063012BCB8F4004BB9F8 /* MGTwitterMessagesLibXMLParser.m in Sources */,
				88C5063112BCB8F4004BB9F8 /* MGTwitterMessagesParser.m in Sources */,
				88C5063212BCB8F4004BB9F8 /* MGTwitterMiscLibXMLParser.m in Sources */,
				88C5063312BCB8F4004BB9F8 /* MGTwitterMiscParser.m in Sources */,
				88C5063412BCB8F4004BB9F8 /* MGTwitterStatusesLibXMLParser.m in Sources */,
				88C5063512BCB8F4004BB9F8 /* MGTwitterStatusesParser.m in Sources */,
				88C5063612BCB8F4004BB9F8 /* MGTwitterUsersLibXMLParser.m in Sources */,
				88C5063712BCB8F4004BB9F8 /* MGTwitterUsersParser.m in Sources */,
				88C5063812BCB8F4004BB9F8 /* MGTwitterXMLParser.m in Sources */,
				88C5063912BCB8F4004BB9F8 /* NSData+Base64.m in Sources */,
				88C5063A12BCB8F4004BB9F8 /* NSString+UUID.m in Sources */,
				88C5063C12BCB8F4004BB9F8 /* SA_OAuthTwitterController.m in Sources */,
				88C5063D12BCB8F4004BB9F8 /* SA_OAuthTwitterEngine.m in Sources */,
				88D4A4A312BCC5EC00A8FE69 /* Tweet.m in Sources */,
			);
			runOnlyForDeploymentPostprocessing = 0;
		};
/* End PBXSourcesBuildPhase section */

/* Begin XCBuildConfiguration section */
		1D6058940D05DD3E006BFB54 /* Debug */ = {
			isa = XCBuildConfiguration;
			buildSettings = {
				ALWAYS_SEARCH_USER_PATHS = NO;
				COPY_PHASE_STRIP = NO;
				GCC_DYNAMIC_NO_PIC = NO;
				GCC_OPTIMIZATION_LEVEL = 0;
				GCC_PRECOMPILE_PREFIX_HEADER = YES;
				GCC_PREFIX_HEADER = TwitterTest_Prefix.pch;
				HEADER_SEARCH_PATHS = "$(SDKROOT)/usr/include/libxml2/**";
				INFOPLIST_FILE = "TwitterTest-Info.plist";
				LIBRARY_SEARCH_PATHS = (
					"$(inherited)",
					"\"$(SRCROOT)/../../../../../../Downloads/Twitter+OAuth/SAOAuthTwitterEngine\"",
				);
				PRODUCT_NAME = TwitterTest;
			};
			name = Debug;
		};
		1D6058950D05DD3E006BFB54 /* Release */ = {
			isa = XCBuildConfiguration;
			buildSettings = {
				ALWAYS_SEARCH_USER_PATHS = NO;
				COPY_PHASE_STRIP = YES;
				GCC_PRECOMPILE_PREFIX_HEADER = YES;
				GCC_PREFIX_HEADER = TwitterTest_Prefix.pch;
				INFOPLIST_FILE = "TwitterTest-Info.plist";
				LIBRARY_SEARCH_PATHS = (
					"$(inherited)",
					"\"$(SRCROOT)/../../../../../../Downloads/Twitter+OAuth/SAOAuthTwitterEngine\"",
				);
				PRODUCT_NAME = TwitterTest;
				VALIDATE_PRODUCT = YES;
			};
			name = Release;
		};
		C01FCF4F08A954540054247B /* Debug */ = {
			isa = XCBuildConfiguration;
			buildSettings = {
				ARCHS = "$(ARCHS_UNIVERSAL_IPHONE_OS)";
				"CODE_SIGN_IDENTITY[sdk=iphoneos*]" = "iPhone Developer";
				GCC_C_LANGUAGE_STANDARD = c99;
				GCC_WARN_ABOUT_RETURN_TYPE = YES;
				GCC_WARN_UNUSED_VARIABLE = YES;
				PREBINDING = NO;
				SDKROOT = iphoneos;
				TARGETED_DEVICE_FAMILY = 2;
			};
			name = Debug;
		};
		C01FCF5008A954540054247B /* Release */ = {
			isa = XCBuildConfiguration;
			buildSettings = {
				ARCHS = "$(ARCHS_UNIVERSAL_IPHONE_OS)";
				"CODE_SIGN_IDENTITY[sdk=iphoneos*]" = "iPhone Developer";
				GCC_C_LANGUAGE_STANDARD = c99;
				GCC_WARN_ABOUT_RETURN_TYPE = YES;
				GCC_WARN_UNUSED_VARIABLE = YES;
				OTHER_CFLAGS = "-DNS_BLOCK_ASSERTIONS=1";
				PREBINDING = NO;
				SDKROOT = iphoneos;
				TARGETED_DEVICE_FAMILY = 2;
			};
			name = Release;
		};
/* End XCBuildConfiguration section */

/* Begin XCConfigurationList section */
		1D6058960D05DD3E006BFB54 /* Build configuration list for PBXNativeTarget "TwitterTest" */ = {
			isa = XCConfigurationList;
			buildConfigurations = (
				1D6058940D05DD3E006BFB54 /* Debug */,
				1D6058950D05DD3E006BFB54 /* Release */,
			);
			defaultConfigurationIsVisible = 0;
			defaultConfigurationName = Release;
		};
		C01FCF4E08A954540054247B /* Build configuration list for PBXProject "TwitterTest" */ = {
			isa = XCConfigurationList;
			buildConfigurations = (
				C01FCF4F08A954540054247B /* Debug */,
				C01FCF5008A954540054247B /* Release */,
			);
			defaultConfigurationIsVisible = 0;
			defaultConfigurationName = Release;
		};
/* End XCConfigurationList section */
	};
	rootObject = 29B97313FDCFA39411CA2CEA /* Project object */;
}
