// !$*UTF8*$!
{
	archiveVersion = 1;
	classes = {
	};
	objectVersion = 45;
	objects = {

/* Begin PBXBuildFile section */
		1D3623260D0F684500981E51 /* FacebookTabbedTestAppDelegate.m in Sources */ = {isa = PBXBuildFile; fileRef = 1D3623250D0F684500981E51 /* FacebookTabbedTestAppDelegate.m */; };
		1D60589B0D05DD56006BFB54 /* main.m in Sources */ = {isa = PBXBuildFile; fileRef = 29B97316FDCFA39411CA2CEA /* main.m */; };
		1D60589F0D05DD5A006BFB54 /* Foundation.framework in Frameworks */ = {isa = PBXBuildFile; fileRef = 1D30AB110D05D00D00671497 /* Foundation.framework */; };
		1DF5F4E00D08C38300B7A737 /* UIKit.framework in Frameworks */ = {isa = PBXBuildFile; fileRef = 1DF5F4DF0D08C38300B7A737 /* UIKit.framework */; };
		288765080DF74369002DB57D /* CoreGraphics.framework in Frameworks */ = {isa = PBXBuildFile; fileRef = 288765070DF74369002DB57D /* CoreGraphics.framework */; };
		28AD73880D9D96C1002E5188 /* MainWindow.xib in Resources */ = {isa = PBXBuildFile; fileRef = 28AD73870D9D96C1002E5188 /* MainWindow.xib */; };
		883E743112C85D99005571E9 /* FBConnect.bundle in Resources */ = {isa = PBXBuildFile; fileRef = 883E743012C85D99005571E9 /* FBConnect.bundle */; };
		883E745B12C85DDC005571E9 /* FBDialog.bundle in Resources */ = {isa = PBXBuildFile; fileRef = 883E744312C85DDC005571E9 /* FBDialog.bundle */; };
		883E745C12C85DDC005571E9 /* NSObject+SBJSON.m in Sources */ = {isa = PBXBuildFile; fileRef = 883E744712C85DDC005571E9 /* NSObject+SBJSON.m */; };
		883E745D12C85DDC005571E9 /* NSString+SBJSON.m in Sources */ = {isa = PBXBuildFile; fileRef = 883E744912C85DDC005571E9 /* NSString+SBJSON.m */; };
		883E745E12C85DDC005571E9 /* SBJSON.m in Sources */ = {isa = PBXBuildFile; fileRef = 883E744B12C85DDC005571E9 /* SBJSON.m */; };
		883E745F12C85DDC005571E9 /* SBJsonBase.m in Sources */ = {isa = PBXBuildFile; fileRef = 883E744D12C85DDC005571E9 /* SBJsonBase.m */; };
		883E746012C85DDC005571E9 /* SBJsonParser.m in Sources */ = {isa = PBXBuildFile; fileRef = 883E744F12C85DDC005571E9 /* SBJsonParser.m */; };
		883E746112C85DDC005571E9 /* SBJsonWriter.m in Sources */ = {isa = PBXBuildFile; fileRef = 883E745112C85DDC005571E9 /* SBJsonWriter.m */; };
		883E746212C85DDC005571E9 /* FBRequest.m in Sources */ = {isa = PBXBuildFile; fileRef = 883E745412C85DDC005571E9 /* FBRequest.m */; };
		883E746312C85DDC005571E9 /* Facebook.m in Sources */ = {isa = PBXBuildFile; fileRef = 883E745612C85DDC005571E9 /* Facebook.m */; };
		883E746412C85DDC005571E9 /* FBLoginDialog.m in Sources */ = {isa = PBXBuildFile; fileRef = 883E745812C85DDC005571E9 /* FBLoginDialog.m */; };
		883E746512C85DDC005571E9 /* FBDialog.m in Sources */ = {isa = PBXBuildFile; fileRef = 883E745A12C85DDC005571E9 /* FBDialog.m */; };
		883E746E12C85FED005571E9 /* FBLoginButton.m in Sources */ = {isa = PBXBuildFile; fileRef = 883E746D12C85FED005571E9 /* FBLoginButton.m */; };
		883E747412C86055005571E9 /* MainFeedViewController.m in Sources */ = {isa = PBXBuildFile; fileRef = 883E747212C86055005571E9 /* MainFeedViewController.m */; };
		883E747512C86055005571E9 /* MainFeedViewController.xib in Resources */ = {isa = PBXBuildFile; fileRef = 883E747312C86055005571E9 /* MainFeedViewController.xib */; };
		883E747912C86082005571E9 /* MessagesViewController.m in Sources */ = {isa = PBXBuildFile; fileRef = 883E747712C86082005571E9 /* MessagesViewController.m */; };
		883E747A12C86082005571E9 /* MessagesViewController.xib in Resources */ = {isa = PBXBuildFile; fileRef = 883E747812C86082005571E9 /* MessagesViewController.xib */; };
/* End PBXBuildFile section */

/* Begin PBXFileReference section */
		1D30AB110D05D00D00671497 /* Foundation.framework */ = {isa = PBXFileReference; lastKnownFileType = wrapper.framework; name = Foundation.framework; path = System/Library/Frameworks/Foundation.framework; sourceTree = SDKROOT; };
		1D3623240D0F684500981E51 /* FacebookTabbedTestAppDelegate.h */ = {isa = PBXFileReference; fileEncoding = 4; lastKnownFileType = sourcecode.c.h; path = FacebookTabbedTestAppDelegate.h; sourceTree = "<group>"; };
		1D3623250D0F684500981E51 /* FacebookTabbedTestAppDelegate.m */ = {isa = PBXFileReference; fileEncoding = 4; lastKnownFileType = sourcecode.c.objc; path = FacebookTabbedTestAppDelegate.m; sourceTree = "<group>"; };
		1D6058910D05DD3D006BFB54 /* FacebookTabbedTest.app */ = {isa = PBXFileReference; explicitFileType = wrapper.application; includeInIndex = 0; path = FacebookTabbedTest.app; sourceTree = BUILT_PRODUCTS_DIR; };
		1DF5F4DF0D08C38300B7A737 /* UIKit.framework */ = {isa = PBXFileReference; lastKnownFileType = wrapper.framework; name = UIKit.framework; path = System/Library/Frameworks/UIKit.framework; sourceTree = SDKROOT; };
		288765070DF74369002DB57D /* CoreGraphics.framework */ = {isa = PBXFileReference; lastKnownFileType = wrapper.framework; name = CoreGraphics.framework; path = System/Library/Frameworks/CoreGraphics.framework; sourceTree = SDKROOT; };
		28A0AB4B0D9B1048005BE974 /* FacebookTabbedTest_Prefix.pch */ = {isa = PBXFileReference; fileEncoding = 4; lastKnownFileType = sourcecode.c.h; path = FacebookTabbedTest_Prefix.pch; sourceTree = "<group>"; };
		28AD73870D9D96C1002E5188 /* MainWindow.xib */ = {isa = PBXFileReference; lastKnownFileType = file.xib; path = MainWindow.xib; sourceTree = "<group>"; };
		29B97316FDCFA39411CA2CEA /* main.m */ = {isa = PBXFileReference; fileEncoding = 4; lastKnownFileType = sourcecode.c.objc; path = main.m; sourceTree = "<group>"; };
		883E743012C85D99005571E9 /* FBConnect.bundle */ = {isa = PBXFileReference; lastKnownFileType = "wrapper.plug-in"; name = FBConnect.bundle; path = "../facebook-facebook-ios-sdk-8b3c17d/sample/FBConnect.bundle"; sourceTree = SOURCE_ROOT; };
		883E744312C85DDC005571E9 /* FBDialog.bundle */ = {isa = PBXFileReference; lastKnownFileType = "wrapper.plug-in"; path = FBDialog.bundle; sourceTree = "<group>"; };
		883E744512C85DDC005571E9 /* JSON.h */ = {isa = PBXFileReference; fileEncoding = 4; lastKnownFileType = sourcecode.c.h; path = JSON.h; sourceTree = "<group>"; };
		883E744612C85DDC005571E9 /* NSObject+SBJSON.h */ = {isa = PBXFileReference; fileEncoding = 4; lastKnownFileType = sourcecode.c.h; path = "NSObject+SBJSON.h"; sourceTree = "<group>"; };
		883E744712C85DDC005571E9 /* NSObject+SBJSON.m */ = {isa = PBXFileReference; fileEncoding = 4; lastKnownFileType = sourcecode.c.objc; path = "NSObject+SBJSON.m"; sourceTree = "<group>"; };
		883E744812C85DDC005571E9 /* NSString+SBJSON.h */ = {isa = PBXFileReference; fileEncoding = 4; lastKnownFileType = sourcecode.c.h; path = "NSString+SBJSON.h"; sourceTree = "<group>"; };
		883E744912C85DDC005571E9 /* NSString+SBJSON.m */ = {isa = PBXFileReference; fileEncoding = 4; lastKnownFileType = sourcecode.c.objc; path = "NSString+SBJSON.m"; sourceTree = "<group>"; };
		883E744A12C85DDC005571E9 /* SBJSON.h */ = {isa = PBXFileReference; fileEncoding = 4; lastKnownFileType = sourcecode.c.h; path = SBJSON.h; sourceTree = "<group>"; };
		883E744B12C85DDC005571E9 /* SBJSON.m */ = {isa = PBXFileReference; fileEncoding = 4; lastKnownFileType = sourcecode.c.objc; path = SBJSON.m; sourceTree = "<group>"; };
		883E744C12C85DDC005571E9 /* SBJsonBase.h */ = {isa = PBXFileReference; fileEncoding = 4; lastKnownFileType = sourcecode.c.h; path = SBJsonBase.h; sourceTree = "<group>"; };
		883E744D12C85DDC005571E9 /* SBJsonBase.m */ = {isa = PBXFileReference; fileEncoding = 4; lastKnownFileType = sourcecode.c.objc; path = SBJsonBase.m; sourceTree = "<group>"; };
		883E744E12C85DDC005571E9 /* SBJsonParser.h */ = {isa = PBXFileReference; fileEncoding = 4; lastKnownFileType = sourcecode.c.h; path = SBJsonParser.h; sourceTree = "<group>"; };
		883E744F12C85DDC005571E9 /* SBJsonParser.m */ = {isa = PBXFileReference; fileEncoding = 4; lastKnownFileType = sourcecode.c.objc; path = SBJsonParser.m; sourceTree = "<group>"; };
		883E745012C85DDC005571E9 /* SBJsonWriter.h */ = {isa = PBXFileReference; fileEncoding = 4; lastKnownFileType = sourcecode.c.h; path = SBJsonWriter.h; sourceTree = "<group>"; };
		883E745112C85DDC005571E9 /* SBJsonWriter.m */ = {isa = PBXFileReference; fileEncoding = 4; lastKnownFileType = sourcecode.c.objc; path = SBJsonWriter.m; sourceTree = "<group>"; };
		883E745212C85DDC005571E9 /* FBConnect.h */ = {isa = PBXFileReference; fileEncoding = 4; lastKnownFileType = sourcecode.c.h; path = FBConnect.h; sourceTree = "<group>"; };
		883E745312C85DDC005571E9 /* FBRequest.h */ = {isa = PBXFileReference; fileEncoding = 4; lastKnownFileType = sourcecode.c.h; path = FBRequest.h; sourceTree = "<group>"; };
		883E745412C85DDC005571E9 /* FBRequest.m */ = {isa = PBXFileReference; fileEncoding = 4; lastKnownFileType = sourcecode.c.objc; path = FBRequest.m; sourceTree = "<group>"; };
		883E745512C85DDC005571E9 /* Facebook.h */ = {isa = PBXFileReference; fileEncoding = 4; lastKnownFileType = sourcecode.c.h; path = Facebook.h; sourceTree = "<group>"; };
		883E745612C85DDC005571E9 /* Facebook.m */ = {isa = PBXFileReference; fileEncoding = 4; lastKnownFileType = sourcecode.c.objc; path = Facebook.m; sourceTree = "<group>"; };
		883E745712C85DDC005571E9 /* FBLoginDialog.h */ = {isa = PBXFileReference; fileEncoding = 4; lastKnownFileType = sourcecode.c.h; path = FBLoginDialog.h; sourceTree = "<group>"; };
		883E745812C85DDC005571E9 /* FBLoginDialog.m */ = {isa = PBXFileReference; fileEncoding = 4; lastKnownFileType = sourcecode.c.objc; path = FBLoginDialog.m; sourceTree = "<group>"; };
		883E745912C85DDC005571E9 /* FBDialog.h */ = {isa = PBXFileReference; fileEncoding = 4; lastKnownFileType = sourcecode.c.h; path = FBDialog.h; sourceTree = "<group>"; };
		883E745A12C85DDC005571E9 /* FBDialog.m */ = {isa = PBXFileReference; fileEncoding = 4; lastKnownFileType = sourcecode.c.objc; path = FBDialog.m; sourceTree = "<group>"; };
		883E746C12C85FED005571E9 /* FBLoginButton.h */ = {isa = PBXFileReference; fileEncoding = 4; lastKnownFileType = sourcecode.c.h; path = FBLoginButton.h; sourceTree = "<group>"; };
		883E746D12C85FED005571E9 /* FBLoginButton.m */ = {isa = PBXFileReference; fileEncoding = 4; lastKnownFileType = sourcecode.c.objc; path = FBLoginButton.m; sourceTree = "<group>"; };
		883E747112C86055005571E9 /* MainFeedViewController.h */ = {isa = PBXFileReference; fileEncoding = 4; lastKnownFileType = sourcecode.c.h; path = MainFeedViewController.h; sourceTree = "<group>"; };
		883E747212C86055005571E9 /* MainFeedViewController.m */ = {isa = PBXFileReference; fileEncoding = 4; lastKnownFileType = sourcecode.c.objc; path = MainFeedViewController.m; sourceTree = "<group>"; };
		883E747312C86055005571E9 /* MainFeedViewController.xib */ = {isa = PBXFileReference; lastKnownFileType = file.xib; name = MainFeedViewController.xib; path = Classes/MainFeedViewController.xib; sourceTree = "<group>"; };
		883E747612C86082005571E9 /* MessagesViewController.h */ = {isa = PBXFileReference; fileEncoding = 4; lastKnownFileType = sourcecode.c.h; path = MessagesViewController.h; sourceTree = "<group>"; };
		883E747712C86082005571E9 /* MessagesViewController.m */ = {isa = PBXFileReference; fileEncoding = 4; lastKnownFileType = sourcecode.c.objc; path = MessagesViewController.m; sourceTree = "<group>"; };
		883E747812C86082005571E9 /* MessagesViewController.xib */ = {isa = PBXFileReference; lastKnownFileType = file.xib; name = MessagesViewController.xib; path = Classes/MessagesViewController.xib; sourceTree = "<group>"; };
		8D1107310486CEB800E47090 /* FacebookTabbedTest-Info.plist */ = {isa = PBXFileReference; fileEncoding = 4; lastKnownFileType = text.plist.xml; path = "FacebookTabbedTest-Info.plist"; plistStructureDefinitionIdentifier = "com.apple.xcode.plist.structure-definition.iphone.info-plist"; sourceTree = "<group>"; };
/* End PBXFileReference section */

/* Begin PBXFrameworksBuildPhase section */
		1D60588F0D05DD3D006BFB54 /* Frameworks */ = {
			isa = PBXFrameworksBuildPhase;
			buildActionMask = 2147483647;
			files = (
				1D60589F0D05DD5A006BFB54 /* Foundation.framework in Frameworks */,
				1DF5F4E00D08C38300B7A737 /* UIKit.framework in Frameworks */,
				288765080DF74369002DB57D /* CoreGraphics.framework in Frameworks */,
			);
			runOnlyForDeploymentPostprocessing = 0;
		};
/* End PBXFrameworksBuildPhase section */

/* Begin PBXGroup section */
		080E96DDFE201D6D7F000001 /* Classes */ = {
			isa = PBXGroup;
			children = (
				883E743012C85D99005571E9 /* FBConnect.bundle */,
				883E746C12C85FED005571E9 /* FBLoginButton.h */,
				883E746D12C85FED005571E9 /* FBLoginButton.m */,
				1D3623240D0F684500981E51 /* FacebookTabbedTestAppDelegate.h */,
				1D3623250D0F684500981E51 /* FacebookTabbedTestAppDelegate.m */,
				883E747112C86055005571E9 /* MainFeedViewController.h */,
				883E747212C86055005571E9 /* MainFeedViewController.m */,
				883E747612C86082005571E9 /* MessagesViewController.h */,
				883E747712C86082005571E9 /* MessagesViewController.m */,
			);
			path = Classes;
			sourceTree = "<group>";
		};
		19C28FACFE9D520D11CA2CBB /* Products */ = {
			isa = PBXGroup;
			children = (
				1D6058910D05DD3D006BFB54 /* FacebookTabbedTest.app */,
			);
			name = Products;
			sourceTree = "<group>";
		};
		29B97314FDCFA39411CA2CEA /* FacebookTabbedTest */ = {
			isa = PBXGroup;
			children = (
				883E744212C85DDC005571E9 /* FBConnect */,
				080E96DDFE201D6D7F000001 /* Classes */,
				29B97315FDCFA39411CA2CEA /* Other Sources */,
				29B97317FDCFA39411CA2CEA /* Resources */,
				29B97323FDCFA39411CA2CEA /* Frameworks */,
				19C28FACFE9D520D11CA2CBB /* Products */,
			);
			name = FacebookTabbedTest;
			sourceTree = "<group>";
		};
		29B97315FDCFA39411CA2CEA /* Other Sources */ = {
			isa = PBXGroup;
			children = (
				28A0AB4B0D9B1048005BE974 /* FacebookTabbedTest_Prefix.pch */,
				29B97316FDCFA39411CA2CEA /* main.m */,
			);
			name = "Other Sources";
			sourceTree = "<group>";
		};
		29B97317FDCFA39411CA2CEA /* Resources */ = {
			isa = PBXGroup;
			children = (
				883E747812C86082005571E9 /* MessagesViewController.xib */,
				883E747312C86055005571E9 /* MainFeedViewController.xib */,
				28AD73870D9D96C1002E5188 /* MainWindow.xib */,
				8D1107310486CEB800E47090 /* FacebookTabbedTest-Info.plist */,
			);
			name = Resources;
			sourceTree = "<group>";
		};
		29B97323FDCFA39411CA2CEA /* Frameworks */ = {
			isa = PBXGroup;
			children = (
				1DF5F4DF0D08C38300B7A737 /* UIKit.framework */,
				1D30AB110D05D00D00671497 /* Foundation.framework */,
				288765070DF74369002DB57D /* CoreGraphics.framework */,
			);
			name = Frameworks;
			sourceTree = "<group>";
		};
		883E744212C85DDC005571E9 /* FBConnect */ = {
			isa = PBXGroup;
			children = (
				883E744312C85DDC005571E9 /* FBDialog.bundle */,
				883E744412C85DDC005571E9 /* JSON */,
				883E745212C85DDC005571E9 /* FBConnect.h */,
				883E745312C85DDC005571E9 /* FBRequest.h */,
				883E745412C85DDC005571E9 /* FBRequest.m */,
				883E745512C85DDC005571E9 /* Facebook.h */,
				883E745612C85DDC005571E9 /* Facebook.m */,
				883E745712C85DDC005571E9 /* FBLoginDialog.h */,
				883E745812C85DDC005571E9 /* FBLoginDialog.m */,
				883E745912C85DDC005571E9 /* FBDialog.h */,
				883E745A12C85DDC005571E9 /* FBDialog.m */,
			);
			name = FBConnect;
			sourceTree = "<group>";
		};
		883E744412C85DDC005571E9 /* JSON */ = {
			isa = PBXGroup;
			children = (
				883E744512C85DDC005571E9 /* JSON.h */,
				883E744612C85DDC005571E9 /* NSObject+SBJSON.h */,
				883E744712C85DDC005571E9 /* NSObject+SBJSON.m */,
				883E744812C85DDC005571E9 /* NSString+SBJSON.h */,
				883E744912C85DDC005571E9 /* NSString+SBJSON.m */,
				883E744A12C85DDC005571E9 /* SBJSON.h */,
				883E744B12C85DDC005571E9 /* SBJSON.m */,
				883E744C12C85DDC005571E9 /* SBJsonBase.h */,
				883E744D12C85DDC005571E9 /* SBJsonBase.m */,
				883E744E12C85DDC005571E9 /* SBJsonParser.h */,
				883E744F12C85DDC005571E9 /* SBJsonParser.m */,
				883E745012C85DDC005571E9 /* SBJsonWriter.h */,
				883E745112C85DDC005571E9 /* SBJsonWriter.m */,
			);
			path = JSON;
			sourceTree = "<group>";
		};
/* End PBXGroup section */

/* Begin PBXNativeTarget section */
		1D6058900D05DD3D006BFB54 /* FacebookTabbedTest */ = {
			isa = PBXNativeTarget;
			buildConfigurationList = 1D6058960D05DD3E006BFB54 /* Build configuration list for PBXNativeTarget "FacebookTabbedTest" */;
			buildPhases = (
				1D60588D0D05DD3D006BFB54 /* Resources */,
				1D60588E0D05DD3D006BFB54 /* Sources */,
				1D60588F0D05DD3D006BFB54 /* Frameworks */,
			);
			buildRules = (
			);
			dependencies = (
			);
			name = FacebookTabbedTest;
			productName = FacebookTabbedTest;
			productReference = 1D6058910D05DD3D006BFB54 /* FacebookTabbedTest.app */;
			productType = "com.apple.product-type.application";
		};
/* End PBXNativeTarget section */

/* Begin PBXProject section */
		29B97313FDCFA39411CA2CEA /* Project object */ = {
			isa = PBXProject;
			buildConfigurationList = C01FCF4E08A954540054247B /* Build configuration list for PBXProject "FacebookTabbedTest" */;
			compatibilityVersion = "Xcode 3.1";
			developmentRegion = English;
			hasScannedForEncodings = 1;
			knownRegions = (
				English,
				Japanese,
				French,
				German,
			);
			mainGroup = 29B97314FDCFA39411CA2CEA /* FacebookTabbedTest */;
			projectDirPath = "";
			projectRoot = "";
			targets = (
				1D6058900D05DD3D006BFB54 /* FacebookTabbedTest */,
			);
		};
/* End PBXProject section */

/* Begin PBXResourcesBuildPhase section */
		1D60588D0D05DD3D006BFB54 /* Resources */ = {
			isa = PBXResourcesBuildPhase;
			buildActionMask = 2147483647;
			files = (
				28AD73880D9D96C1002E5188 /* MainWindow.xib in Resources */,
				883E743112C85D99005571E9 /* FBConnect.bundle in Resources */,
				883E745B12C85DDC005571E9 /* FBDialog.bundle in Resources */,
				883E747512C86055005571E9 /* MainFeedViewController.xib in Resources */,
				883E747A12C86082005571E9 /* MessagesViewController.xib in Resources */,
			);
			runOnlyForDeploymentPostprocessing = 0;
		};
/* End PBXResourcesBuildPhase section */

/* Begin PBXSourcesBuildPhase section */
		1D60588E0D05DD3D006BFB54 /* Sources */ = {
			isa = PBXSourcesBuildPhase;
			buildActionMask = 2147483647;
			files = (
				1D60589B0D05DD56006BFB54 /* main.m in Sources */,
				1D3623260D0F684500981E51 /* FacebookTabbedTestAppDelegate.m in Sources */,
				883E745C12C85DDC005571E9 /* NSObject+SBJSON.m in Sources */,
				883E745D12C85DDC005571E9 /* NSString+SBJSON.m in Sources */,
				883E745E12C85DDC005571E9 /* SBJSON.m in Sources */,
				883E745F12C85DDC005571E9 /* SBJsonBase.m in Sources */,
				883E746012C85DDC005571E9 /* SBJsonParser.m in Sources */,
				883E746112C85DDC005571E9 /* SBJsonWriter.m in Sources */,
				883E746212C85DDC005571E9 /* FBRequest.m in Sources */,
				883E746312C85DDC005571E9 /* Facebook.m in Sources */,
				883E746412C85DDC005571E9 /* FBLoginDialog.m in Sources */,
				883E746512C85DDC005571E9 /* FBDialog.m in Sources */,
				883E746E12C85FED005571E9 /* FBLoginButton.m in Sources */,
				883E747412C86055005571E9 /* MainFeedViewController.m in Sources */,
				883E747912C86082005571E9 /* MessagesViewController.m in Sources */,
			);
			runOnlyForDeploymentPostprocessing = 0;
		};
/* End PBXSourcesBuildPhase section */

/* Begin XCBuildConfiguration section */
		1D6058940D05DD3E006BFB54 /* Debug */ = {
			isa = XCBuildConfiguration;
			buildSettings = {
				ALWAYS_SEARCH_USER_PATHS = NO;
				COPY_PHASE_STRIP = NO;
				GCC_DYNAMIC_NO_PIC = NO;
				GCC_OPTIMIZATION_LEVEL = 0;
				GCC_PRECOMPILE_PREFIX_HEADER = YES;
				GCC_PREFIX_HEADER = FacebookTabbedTest_Prefix.pch;
				INFOPLIST_FILE = "FacebookTabbedTest-Info.plist";
				PRODUCT_NAME = FacebookTabbedTest;
			};
			name = Debug;
		};
		1D6058950D05DD3E006BFB54 /* Release */ = {
			isa = XCBuildConfiguration;
			buildSettings = {
				ALWAYS_SEARCH_USER_PATHS = NO;
				COPY_PHASE_STRIP = YES;
				GCC_PRECOMPILE_PREFIX_HEADER = YES;
				GCC_PREFIX_HEADER = FacebookTabbedTest_Prefix.pch;
				INFOPLIST_FILE = "FacebookTabbedTest-Info.plist";
				PRODUCT_NAME = FacebookTabbedTest;
				VALIDATE_PRODUCT = YES;
			};
			name = Release;
		};
		C01FCF4F08A954540054247B /* Debug */ = {
			isa = XCBuildConfiguration;
			buildSettings = {
				ARCHS = "$(ARCHS_UNIVERSAL_IPHONE_OS)";
				"CODE_SIGN_IDENTITY[sdk=iphoneos*]" = "iPhone Developer";
				GCC_C_LANGUAGE_STANDARD = c99;
				GCC_WARN_ABOUT_RETURN_TYPE = YES;
				GCC_WARN_UNUSED_VARIABLE = YES;
				PREBINDING = NO;
				SDKROOT = iphoneos;
				TARGETED_DEVICE_FAMILY = 2;
			};
			name = Debug;
		};
		C01FCF5008A954540054247B /* Release */ = {
			isa = XCBuildConfiguration;
			buildSettings = {
				ARCHS = "$(ARCHS_UNIVERSAL_IPHONE_OS)";
				"CODE_SIGN_IDENTITY[sdk=iphoneos*]" = "iPhone Developer";
				GCC_C_LANGUAGE_STANDARD = c99;
				GCC_WARN_ABOUT_RETURN_TYPE = YES;
				GCC_WARN_UNUSED_VARIABLE = YES;
				OTHER_CFLAGS = "-DNS_BLOCK_ASSERTIONS=1";
				PREBINDING = NO;
				SDKROOT = iphoneos;
				TARGETED_DEVICE_FAMILY = 2;
			};
			name = Release;
		};
/* End XCBuildConfiguration section */

/* Begin XCConfigurationList section */
		1D6058960D05DD3E006BFB54 /* Build configuration list for PBXNativeTarget "FacebookTabbedTest" */ = {
			isa = XCConfigurationList;
			buildConfigurations = (
				1D6058940D05DD3E006BFB54 /* Debug */,
				1D6058950D05DD3E006BFB54 /* Release */,
			);
			defaultConfigurationIsVisible = 0;
			defaultConfigurationName = Release;
		};
		C01FCF4E08A954540054247B /* Build configuration list for PBXProject "FacebookTabbedTest" */ = {
			isa = XCConfigurationList;
			buildConfigurations = (
				C01FCF4F08A954540054247B /* Debug */,
				C01FCF5008A954540054247B /* Release */,
			);
			defaultConfigurationIsVisible = 0;
			defaultConfigurationName = Release;
		};
/* End XCConfigurationList section */
	};
	rootObject = 29B97313FDCFA39411CA2CEA /* Project object */;
}
